
Microsoft Visual Studio Solution File, Format Version 12.00
# Visual Studio Version 17
VisualStudioVersion = 17.2.32616.157
MinimumVisualStudioVersion = 10.0.40219.1
Project("{FAE04EC0-301F-11D3-BF4B-00C04F79EFBC}") = "pisV228.4", "pisV228.4\pisV228.4.csproj", "{87B31C8E-ACF6-4D98-A809-CEA9251E0242}"
EndProject
Global
	GlobalSection(SolutionConfigurationPlatforms) = preSolution
		Debug|Any CPU = Debug|Any CPU
		Release|Any CPU = Release|Any CPU
	EndGlobalSection
	GlobalSection(ProjectConfigurationPlatforms) = postSolution
		{87B31C8E-ACF6-4D98-A809-CEA9251E0242}.Debug|Any CPU.ActiveCfg = Debug|Any CPU
		{87B31C8E-ACF6-4D98-A809-CEA9251E0242}.Debug|Any CPU.Build.0 = Debug|Any CPU
		{87B31C8E-ACF6-4D98-A809-CEA9251E0242}.Release|Any CPU.ActiveCfg = Release|Any CPU
		{87B31C8E-ACF6-4D98-A809-CEA9251E0242}.Release|Any CPU.Build.0 = Release|Any CPU
	EndGlobalSection
	GlobalSection(SolutionProperties) = preSolution
		HideSolutionNode = FALSE
	EndGlobalSection
	GlobalSection(ExtensibilityGlobals) = postSolution
		SolutionGuid = {3FCA8930-0FBE-43C8-9E07-1951886D53E1}
	EndGlobalSection
EndGlobal
